<?xml version="1.0" encoding="UTF-8" standalone="yes" ?>
<CodeBlocks_project_file>
	<FileVersion major="1" minor="6" />
	<Project>
		<Option title="TrabalhoED2_2" />
		<Option pch_mode="2" />
		<Option compiler="gcc" />
		<Build>
			<Target title="Debug">
				<Option output="bin/Debug/TrabalhoED2_2" prefix_auto="1" extension_auto="1" />
				<Option object_output="obj/Debug/" />
				<Option type="1" />
				<Option compiler="gcc" />
				<Compiler>
					<Add option="-g" />
				</Compiler>
			</Target>
			<Target title="Release">
				<Option output="bin/Release/TrabalhoED2_2" prefix_auto="1" extension_auto="1" />
				<Option object_output="obj/Release/" />
				<Option type="1" />
				<Option compiler="gcc" />
				<Compiler>
					<Add option="-O2" />
				</Compiler>
				<Linker>
					<Add option="-s" />
				</Linker>
			</Target>
		</Build>
		<Compiler>
			<Add option="-Wall" />
			<Add option="-fexceptions" />
		</Compiler>
		<Unit filename="ArvAVL.cpp" />
		<Unit filename="ArvAVL.h" />
		<Unit filename="ArvAVLM.cpp" />
		<Unit filename="ArvAVLM.h" />
		<Unit filename="ArvRN.cpp" />
		<Unit filename="ArvRN.h" />
		<Unit filename="ArvoreB.cpp" />
		<Unit filename="ArvoreB.h" />
		<Unit filename="No.cpp" />
		<Unit filename="No.h" />
		<Unit filename="NoAVL.h" />
		<Unit filename="NoAVLM.h" />
		<Unit filename="NoB.cpp" />
		<Unit filename="NoB.h" />
		<Unit filename="NoRN.h" />
		<Unit filename="arv_splay.cpp" />
		<Unit filename="arv_splay.h" />
		<Unit filename="main.cpp" />
		<Extensions>
			<code_completion />
			<envvars />
			<debugger />
		</Extensions>
	</Project>
</CodeBlocks_project_file>
